
Microsoft Visual Studio Solution File, Format Version 12.00
# Visual Studio 14
VisualStudioVersion = 14.0.25420.1
MinimumVisualStudioVersion = 10.0.40219.1
Project("{FAE04EC0-301F-11D3-BF4B-00C04F79EFBC}") = "tumblrDownloader", "tumblrDownloader\tumblrDownloader.csproj", "{56C469BD-E9CA-4E16-9492-86BD6EFF5AD5}"
EndProject
Project("{FAE04EC0-301F-11D3-BF4B-00C04F79EFBC}") = "tumblrDownloader.Data", "tumblrDownloader.Data\tumblrDownloader.Data.csproj", "{AF3D39AC-4CB3-429D-84FC-530B0395BC84}"
EndProject
Project("{FAE04EC0-301F-11D3-BF4B-00C04F79EFBC}") = "tumblrDownloaderTest", "TestConsoleApplication\tumblrDownloaderTest.csproj", "{A8D3B35B-8FB0-4D7B-8E08-ADBA10204A01}"
EndProject
Global
	GlobalSection(SolutionConfigurationPlatforms) = preSolution
		Debug|Any CPU = Debug|Any CPU
		Release|Any CPU = Release|Any CPU
	EndGlobalSection
	GlobalSection(ProjectConfigurationPlatforms) = postSolution
		{56C469BD-E9CA-4E16-9492-86BD6EFF5AD5}.Debug|Any CPU.ActiveCfg = Debug|Any CPU
		{56C469BD-E9CA-4E16-9492-86BD6EFF5AD5}.Debug|Any CPU.Build.0 = Debug|Any CPU
		{56C469BD-E9CA-4E16-9492-86BD6EFF5AD5}.Release|Any CPU.ActiveCfg = Release|Any CPU
		{56C469BD-E9CA-4E16-9492-86BD6EFF5AD5}.Release|Any CPU.Build.0 = Release|Any CPU
		{AF3D39AC-4CB3-429D-84FC-530B0395BC84}.Debug|Any CPU.ActiveCfg = Debug|Any CPU
		{AF3D39AC-4CB3-429D-84FC-530B0395BC84}.Debug|Any CPU.Build.0 = Debug|Any CPU
		{AF3D39AC-4CB3-429D-84FC-530B0395BC84}.Release|Any CPU.ActiveCfg = Release|Any CPU
		{AF3D39AC-4CB3-429D-84FC-530B0395BC84}.Release|Any CPU.Build.0 = Release|Any CPU
		{A8D3B35B-8FB0-4D7B-8E08-ADBA10204A01}.Debug|Any CPU.ActiveCfg = Debug|Any CPU
		{A8D3B35B-8FB0-4D7B-8E08-ADBA10204A01}.Debug|Any CPU.Build.0 = Debug|Any CPU
		{A8D3B35B-8FB0-4D7B-8E08-ADBA10204A01}.Release|Any CPU.ActiveCfg = Release|Any CPU
		{A8D3B35B-8FB0-4D7B-8E08-ADBA10204A01}.Release|Any CPU.Build.0 = Release|Any CPU
	EndGlobalSection
	GlobalSection(SolutionProperties) = preSolution
		HideSolutionNode = FALSE
	EndGlobalSection
EndGlobal
